
Microsoft Visual Studio Solution File, Format Version 12.00
# Visual Studio Version 16
VisualStudioVersion = 16.0.32002.261
MinimumVisualStudioVersion = 10.0.40219.1
Project("{FAE04EC0-301F-11D3-BF4B-00C04F79EFBC}") = "Google Drive Integration", "Google Drive Integration\Google Drive Integration.csproj", "{41F90D3A-70FD-430F-9256-9F94BE2C1016}"
EndProject
Global
	GlobalSection(SolutionConfigurationPlatforms) = preSolution
		Debug|Any CPU = Debug|Any CPU
		Release|Any CPU = Release|Any CPU
	EndGlobalSection
	GlobalSection(ProjectConfigurationPlatforms) = postSolution
		{41F90D3A-70FD-430F-9256-9F94BE2C1016}.Debug|Any CPU.ActiveCfg = Debug|Any CPU
		{41F90D3A-70FD-430F-9256-9F94BE2C1016}.Debug|Any CPU.Build.0 = Debug|Any CPU
		{41F90D3A-70FD-430F-9256-9F94BE2C1016}.Release|Any CPU.ActiveCfg = Release|Any CPU
		{41F90D3A-70FD-430F-9256-9F94BE2C1016}.Release|Any CPU.Build.0 = Release|Any CPU
	EndGlobalSection
	GlobalSection(SolutionProperties) = preSolution
		HideSolutionNode = FALSE
	EndGlobalSection
	GlobalSection(ExtensibilityGlobals) = postSolution
		SolutionGuid = {23AC0512-EDC3-4241-8E74-3C1A658AD4DB}
	EndGlobalSection
EndGlobal
